
Microsoft Visual Studio Solution File, Format Version 12.00
# Visual Studio Version 17
VisualStudioVersion = 17.0.31912.275
MinimumVisualStudioVersion = 10.0.40219.1
Project("{FAE04EC0-301F-11D3-BF4B-00C04F79EFBC}") = "STudentCv", "STudentCv\STudentCv.csproj", "{1C094E43-F9EF-4574-B540-14B378679B04}"
EndProject
Global
	GlobalSection(SolutionConfigurationPlatforms) = preSolution
		Debug|Any CPU = Debug|Any CPU
		Release|Any CPU = Release|Any CPU
	EndGlobalSection
	GlobalSection(ProjectConfigurationPlatforms) = postSolution
		{1C094E43-F9EF-4574-B540-14B378679B04}.Debug|Any CPU.ActiveCfg = Debug|Any CPU
		{1C094E43-F9EF-4574-B540-14B378679B04}.Debug|Any CPU.Build.0 = Debug|Any CPU
		{1C094E43-F9EF-4574-B540-14B378679B04}.Release|Any CPU.ActiveCfg = Release|Any CPU
		{1C094E43-F9EF-4574-B540-14B378679B04}.Release|Any CPU.Build.0 = Release|Any CPU
	EndGlobalSection
	GlobalSection(SolutionProperties) = preSolution
		HideSolutionNode = FALSE
	EndGlobalSection
	GlobalSection(ExtensibilityGlobals) = postSolution
		SolutionGuid = {D73CC010-4756-4295-BD9A-1DF5A68F74D6}
	EndGlobalSection
EndGlobal
